
Microsoft Visual Studio Solution File, Format Version 12.00
# Visual Studio Version 16
VisualStudioVersion = 16.0.31410.357
MinimumVisualStudioVersion = 10.0.40219.1
Project("{8BC9CEB8-8B4A-11D0-8D11-00A0C91BC942}") = "Project2", "Project2\Project2.vcxproj", "{C2F55D5C-2275-4126-AF59-5AE3C419407A}"
EndProject
Global
	GlobalSection(SolutionConfigurationPlatforms) = preSolution
		Debug|x64 = Debug|x64
		Debug|x86 = Debug|x86
		Release|x64 = Release|x64
		Release|x86 = Release|x86
	EndGlobalSection
	GlobalSection(ProjectConfigurationPlatforms) = postSolution
		{C2F55D5C-2275-4126-AF59-5AE3C419407A}.Debug|x64.ActiveCfg = Debug|x64
		{C2F55D5C-2275-4126-AF59-5AE3C419407A}.Debug|x64.Build.0 = Debug|x64
		{C2F55D5C-2275-4126-AF59-5AE3C419407A}.Debug|x86.ActiveCfg = Debug|Win32
		{C2F55D5C-2275-4126-AF59-5AE3C419407A}.Debug|x86.Build.0 = Debug|Win32
		{C2F55D5C-2275-4126-AF59-5AE3C419407A}.Release|x64.ActiveCfg = Release|x64
		{C2F55D5C-2275-4126-AF59-5AE3C419407A}.Release|x64.Build.0 = Release|x64
		{C2F55D5C-2275-4126-AF59-5AE3C419407A}.Release|x86.ActiveCfg = Release|Win32
		{C2F55D5C-2275-4126-AF59-5AE3C419407A}.Release|x86.Build.0 = Release|Win32
	EndGlobalSection
	GlobalSection(SolutionProperties) = preSolution
		HideSolutionNode = FALSE
	EndGlobalSection
	GlobalSection(ExtensibilityGlobals) = postSolution
		SolutionGuid = {B08C75A8-782E-45B9-A98A-F7C96FFB0495}
	EndGlobalSection
EndGlobal
