
Microsoft Visual Studio Solution File, Format Version 12.00
# Visual Studio Version 16
VisualStudioVersion = 16.0.31410.357
MinimumVisualStudioVersion = 10.0.40219.1
Project("{8BC9CEB8-8B4A-11D0-8D11-00A0C91BC942}") = "8_TimeClass", "8_TimeClass\8_TimeClass.vcxproj", "{B0B6F5BC-39DB-4867-BA46-3124AD7CE038}"
EndProject
Global
	GlobalSection(SolutionConfigurationPlatforms) = preSolution
		Debug|x64 = Debug|x64
		Debug|x86 = Debug|x86
		Release|x64 = Release|x64
		Release|x86 = Release|x86
	EndGlobalSection
	GlobalSection(ProjectConfigurationPlatforms) = postSolution
		{B0B6F5BC-39DB-4867-BA46-3124AD7CE038}.Debug|x64.ActiveCfg = Debug|x64
		{B0B6F5BC-39DB-4867-BA46-3124AD7CE038}.Debug|x64.Build.0 = Debug|x64
		{B0B6F5BC-39DB-4867-BA46-3124AD7CE038}.Debug|x86.ActiveCfg = Debug|Win32
		{B0B6F5BC-39DB-4867-BA46-3124AD7CE038}.Debug|x86.Build.0 = Debug|Win32
		{B0B6F5BC-39DB-4867-BA46-3124AD7CE038}.Release|x64.ActiveCfg = Release|x64
		{B0B6F5BC-39DB-4867-BA46-3124AD7CE038}.Release|x64.Build.0 = Release|x64
		{B0B6F5BC-39DB-4867-BA46-3124AD7CE038}.Release|x86.ActiveCfg = Release|Win32
		{B0B6F5BC-39DB-4867-BA46-3124AD7CE038}.Release|x86.Build.0 = Release|Win32
	EndGlobalSection
	GlobalSection(SolutionProperties) = preSolution
		HideSolutionNode = FALSE
	EndGlobalSection
	GlobalSection(ExtensibilityGlobals) = postSolution
		SolutionGuid = {23D1A638-8DF7-4C4F-AC80-29CF406885E5}
	EndGlobalSection
EndGlobal
